
Microsoft Visual Studio Solution File, Format Version 12.00
# Visual Studio Version 16
VisualStudioVersion = 16.0.30204.135
MinimumVisualStudioVersion = 10.0.40219.1
Project("{FAE04EC0-301F-11D3-BF4B-00C04F79EFBC}") = "api", "api\api.csproj", "{DAD971DB-E31B-43C9-BE09-96EB244B071D}"
EndProject
Global
	GlobalSection(SolutionConfigurationPlatforms) = preSolution
		Debug|Any CPU = Debug|Any CPU
		Release|Any CPU = Release|Any CPU
	EndGlobalSection
	GlobalSection(ProjectConfigurationPlatforms) = postSolution
		{DAD971DB-E31B-43C9-BE09-96EB244B071D}.Debug|Any CPU.ActiveCfg = Debug|Any CPU
		{DAD971DB-E31B-43C9-BE09-96EB244B071D}.Debug|Any CPU.Build.0 = Debug|Any CPU
		{DAD971DB-E31B-43C9-BE09-96EB244B071D}.Release|Any CPU.ActiveCfg = Release|Any CPU
		{DAD971DB-E31B-43C9-BE09-96EB244B071D}.Release|Any CPU.Build.0 = Release|Any CPU
	EndGlobalSection
	GlobalSection(SolutionProperties) = preSolution
		HideSolutionNode = FALSE
	EndGlobalSection
	GlobalSection(ExtensibilityGlobals) = postSolution
		SolutionGuid = {06B9C79F-DCE0-47D6-8B6F-24D3B0104888}
	EndGlobalSection
EndGlobal
